schema: '2.0'
stages:
  data_ingestion:
    cmd: python src/Phishing_Detector/pipeline/stage_1.py
    deps:
    - path: configs/config.yaml
      md5: 712288e94d8ca140270000ac0c962b15
      size: 3603
    - path: src/Phishing_Detector/pipeline/stage_1.py
      md5: c9c5bbbb2be7a465c0d4ff688894c108
      size: 513
    outs:
    - path: artifacts/data_ingestion/local_data/data.arff
      md5: 8287e8d6a6aedd1361569c5c9c916e3b
      size: 800920
    - path: artifacts/data_ingestion/processed_data/data.csv
      md5: 06c37813afac8baa8b1d3636f21a636c
      size: 800203
  data_validation:
    cmd: python src/Phishing_Detector/pipeline/stage_2.py
    deps:
    - path: artifacts/data_ingestion/processed_data/data.csv
      md5: 06c37813afac8baa8b1d3636f21a636c
      size: 800203
    - path: configs/config.yaml
      md5: 712288e94d8ca140270000ac0c962b15
      size: 3603
    - path: src/Phishing_Detector/pipeline/stage_2.py
      md5: 19b1871b33f6c25e12ead2359348eb7b
      size: 445
    outs:
    - path: artifacts/data_validation/validation_report/report.json
      md5: 7d27445d1d210f55e073c3bba9a21376
      size: 167
  data_transformation:
    cmd: python src/Phishing_Detector/pipeline/stage_3.py
    deps:
    - path: artifacts/data_ingestion/processed_data/data.csv
      md5: 06c37813afac8baa8b1d3636f21a636c
      size: 800203
    - path: artifacts/data_validation/validation_report/report.json
      md5: 7d27445d1d210f55e073c3bba9a21376
      size: 167
    - path: configs/config.yaml
      md5: 712288e94d8ca140270000ac0c962b15
      size: 3603
    - path: src/Phishing_Detector/pipeline/stage_3.py
      md5: 72397bc316b3ff811f3d34001f867c73
      size: 512
    params:
      params.yaml:
        IMPUTER_STRATEGY: most_frequent
        RANDOM_STATE: 42
        TARGET: Result
        TEST_SIZE: 0.25
    outs:
    - path: artifacts/data_transformation/train_test_data/x_test.csv
      md5: 9953cb393fe453f3ae835dbc3dcbc420
      size: 193581
    - path: artifacts/data_transformation/train_test_data/x_train.csv
      md5: 52e2d37c48b79aa910e9593f4260ddde
      size: 580028
    - path: artifacts/data_transformation/train_test_data/y_test.csv
      md5: 3ad0f22e0c1e02bcac744d31f212e100
      size: 9483
    - path: artifacts/data_transformation/train_test_data/y_train.csv
      md5: 3d2ae84a2b052105fbff04bf61133a5f
      size: 28596
    - path: artifacts/data_transformation/transformed_data/transformed_data.csv
      md5: 06c37813afac8baa8b1d3636f21a636c
      size: 800203
  model_training:
    cmd: python src/Phishing_Detector/pipeline/stage_4.py
    deps:
    - path: artifacts/data_transformation/train_test_data/x_train.csv
      md5: 52e2d37c48b79aa910e9593f4260ddde
      size: 580028
    - path: artifacts/data_transformation/train_test_data/y_train.csv
      md5: 3d2ae84a2b052105fbff04bf61133a5f
      size: 28596
    - path: configs/config.yaml
      md5: 712288e94d8ca140270000ac0c962b15
      size: 3603
    - path: src/Phishing_Detector/pipeline/stage_4.py
      md5: d7506db15da112b2758f1a21558cc58e
      size: 434
    params:
      params.yaml:
        activation: relu
        hidden_layer_sizes:
        - 150
        - 100
        - 50
        max_iter: 300
        solver: adam
    outs:
    - path: artifacts/model_training/saved_models/model.joblib
      md5: 4b5cb31fada055063bb5e964546d1418
      size: 604952
  model_evaluation:
    cmd: python src/Phishing_Detector/pipeline/stage_5.py
    deps:
    - path: artifacts/data_transformation/train_test_data/x_test.csv
      md5: 9953cb393fe453f3ae835dbc3dcbc420
      size: 193581
    - path: artifacts/data_transformation/train_test_data/y_test.csv
      md5: 3ad0f22e0c1e02bcac744d31f212e100
      size: 9483
    - path: artifacts/model_training/saved_models/model.joblib
      md5: 4b5cb31fada055063bb5e964546d1418
      size: 604952
    - path: configs/config.yaml
      md5: 712288e94d8ca140270000ac0c962b15
      size: 3603
    - path: src/Phishing_Detector/pipeline/stage_5.py
      md5: 296a369b4786e68d3364d73a1310252e
      size: 471
    params:
      params.yaml:
        activation: relu
        hidden_layer_sizes:
        - 150
        - 100
        - 50
        max_iter: 300
        solver: adam
    outs:
    - path: artifacts\model_evaluation\models_results\confusion_matrix.png
      md5: b20293f10107f071d0385140bfeb9f88
      size: 18332
    - path: artifacts\model_evaluation\models_results\results.json
      md5: 62cef7483fb0b4ab71352e2e750ce2b4
      size: 113
